
Microsoft Visual Studio Solution File, Format Version 12.00
# Visual Studio 2012
Project("{FAE04EC0-301F-11D3-BF4B-00C04F79EFBC}") = "WuDada.Core", "WuDada.Core\WuDada.Core.csproj", "{82FA4F65-92DF-40B8-AF7F-1E7E33640B0B}"
EndProject
Project("{FAE04EC0-301F-11D3-BF4B-00C04F79EFBC}") = "FTIS.Test", "FTIS.Test\FTIS.Test.csproj", "{7B7ADD3C-9025-4E75-8A42-3E8079D32603}"
EndProject
Project("{FAE04EC0-301F-11D3-BF4B-00C04F79EFBC}") = "FTIS", "FTIS\FTIS.csproj", "{96CBEF4B-B57C-4A75-B3C3-DA09728E01C6}"
EndProject
Global
	GlobalSection(SolutionConfigurationPlatforms) = preSolution
		Debug|Any CPU = Debug|Any CPU
		Release|Any CPU = Release|Any CPU
	EndGlobalSection
	GlobalSection(ProjectConfigurationPlatforms) = postSolution
		{82FA4F65-92DF-40B8-AF7F-1E7E33640B0B}.Debug|Any CPU.ActiveCfg = Debug|Any CPU
		{82FA4F65-92DF-40B8-AF7F-1E7E33640B0B}.Debug|Any CPU.Build.0 = Debug|Any CPU
		{82FA4F65-92DF-40B8-AF7F-1E7E33640B0B}.Release|Any CPU.ActiveCfg = Release|Any CPU
		{82FA4F65-92DF-40B8-AF7F-1E7E33640B0B}.Release|Any CPU.Build.0 = Release|Any CPU
		{7B7ADD3C-9025-4E75-8A42-3E8079D32603}.Debug|Any CPU.ActiveCfg = Debug|Any CPU
		{7B7ADD3C-9025-4E75-8A42-3E8079D32603}.Debug|Any CPU.Build.0 = Debug|Any CPU
		{7B7ADD3C-9025-4E75-8A42-3E8079D32603}.Release|Any CPU.ActiveCfg = Release|Any CPU
		{7B7ADD3C-9025-4E75-8A42-3E8079D32603}.Release|Any CPU.Build.0 = Release|Any CPU
		{96CBEF4B-B57C-4A75-B3C3-DA09728E01C6}.Debug|Any CPU.ActiveCfg = Debug|Any CPU
		{96CBEF4B-B57C-4A75-B3C3-DA09728E01C6}.Debug|Any CPU.Build.0 = Debug|Any CPU
		{96CBEF4B-B57C-4A75-B3C3-DA09728E01C6}.Release|Any CPU.ActiveCfg = Release|Any CPU
		{96CBEF4B-B57C-4A75-B3C3-DA09728E01C6}.Release|Any CPU.Build.0 = Release|Any CPU
	EndGlobalSection
	GlobalSection(SolutionProperties) = preSolution
		HideSolutionNode = FALSE
	EndGlobalSection
EndGlobal
